# THIS IS AN AUTOGENERATED FILE. DO NOT EDIT THIS FILE DIRECTLY.
# yarn lockfile v1


frappe-charts@^1.4.1:
  version "1.4.1"
  resolved "https://registry.yarnpkg.com/frappe-charts/-/frappe-charts-1.4.1.tgz#6f3eef4665a53e9bf1184bd115be0b701bbae255"
  integrity sha512-pwoDDdAP4oZhCiPDlDS7mJDyljhM4qwABcudiywvbcHe6Od5EoBhh2d/EtaS75tJHjbh2EtBmqNgU+TJWN/IuA==

frappe-datatable@^1.15.2:
  version "1.15.2"
  resolved "https://registry.yarnpkg.com/frappe-datatable/-/frappe-datatable-1.15.2.tgz#8e82a0f08a61f1a11a62f24534fdfcf1a4782ff4"
  integrity sha512-7d9m8vlhf+daAfJ5jVqj1kdvo6m7Ih0/ycmz7WUDgn1CL5Bxzc2/vj8+Jt9tmVdRgGAef9D5mljIPuFLxMrXCg==
  dependencies:
    hyperlist "^1.0.0-beta"
    lodash "^4.17.5"
    sortablejs "^1.7.0"

hyperlist@^1.0.0-beta:
  version "1.0.0"
  resolved "https://registry.yarnpkg.com/hyperlist/-/hyperlist-1.0.0.tgz#b211d41832643ca969e3087a86c912f93f82e5bb"
  integrity sha512-1qAjO29EJW/mPyqY+9wFjruD2YWur1dPsPYmt9RvMX6P+8Cr2UmT75MCWjjK+1/4Jxc3sm/G3Kr8DzGgEDRG+Q==

lodash@^4.17.5:
  version "4.17.21"
  resolved "https://registry.yarnpkg.com/lodash/-/lodash-4.17.21.tgz#679591c564c3bffaae8454cf0b3df370c3d6911c"
  integrity sha512-v2kDEe57lecTulaDIuNTPy3Ry4gLGJ6Z1O3vE1krgXZNrsQ+LFTGHVxVjcXPs17LhbZVGedAJv8XZ1tvj5FvSg==

sortablejs@^1.10.2, sortablejs@^1.7.0:
  version "1.10.2"
  resolved "https://registry.yarnpkg.com/sortablejs/-/sortablejs-1.10.2.tgz#6e40364d913f98b85a14f6678f92b5c1221f5290"
  integrity sha512-YkPGufevysvfwn5rfdlGyrGjt7/CRHwvRPogD/lC+TnvcN29jDpCifKP+rBqf+LRldfXSTh+0CGLcSg0VIxq3A==
